{
  "version": "4",
  "specifiers": {
    "jsr:@deno-library/logger@*": "1.1.8",
    "jsr:@std/assert@1": "1.0.11",
    "jsr:@std/assert@^1.0.11": "1.0.11",
    "jsr:@std/cli@*": "1.0.11",
    "jsr:@std/expect@*": "1.0.12",
    "jsr:@std/expect@^1.0.12": "1.0.12",
    "jsr:@std/fmt@1.0.3": "1.0.3",
    "jsr:@std/fs@^1.0.6": "1.0.10",
    "jsr:@std/internal@^1.0.5": "1.0.5",
    "jsr:@std/path@^1.0.8": "1.0.8",
    "npm:@google/generative-ai@*": "0.21.0",
    "npm:@google/generative-ai@0.21": "0.21.0",
    "npm:@types/chance@1": "1.1.6",
    "npm:@types/node@*": "22.5.4",
    "npm:chance@^1.1.12": "1.1.12",
    "npm:commander@*": "13.1.0",
    "npm:commander@^13.1.0": "13.1.0",
    "npm:expect@^29.7.0": "29.7.0",
    "npm:winston@^3.17.0": "3.17.0"
  },
  "jsr": {
    "@deno-library/logger@1.1.8": {
      "integrity": "a7378a6aa0abec05381900a4119530abb67c97cd5813d43ee84b5b80088d40f8",
      "dependencies": [
        "jsr:@std/fmt",
        "jsr:@std/fs"
      ]
    },
    "@std/assert@1.0.11": {
      "integrity": "2461ef3c368fe88bc60e186e7744a93112f16fd110022e113a0849e94d1c83c1",
      "dependencies": [
        "jsr:@std/internal"
      ]
    },
    "@std/cli@1.0.11": {
      "integrity": "ec219619fdcd31bcf0d8e53bee1e2706ec9a02f70255365a094f69755dadd340"
    },
    "@std/expect@1.0.12": {
      "integrity": "417509358ca7c10632c2a30273c952e447020767706d8c5e11f9793e00ec9d55",
      "dependencies": [
        "jsr:@std/assert@^1.0.11",
        "jsr:@std/internal"
      ]
    },
    "@std/fmt@1.0.3": {
      "integrity": "97765c16aa32245ff4e2204ecf7d8562496a3cb8592340a80e7e554e0bb9149f"
    },
    "@std/fs@1.0.10": {
      "integrity": "bf041f9d7a0a460817f0421be8946d0e06011b3433e6c83a215628de5e3c7c2c",
      "dependencies": [
        "jsr:@std/path"
      ]
    },
    "@std/internal@1.0.5": {
      "integrity": "54a546004f769c1ac9e025abd15a76b6671ddc9687e2313b67376125650dc7ba"
    },
    "@std/path@1.0.8": {
      "integrity": "548fa456bb6a04d3c1a1e7477986b6cffbce95102d0bb447c67c4ee70e0364be"
    }
  },
  "npm": {
    "@babel/code-frame@7.26.2": {
      "integrity": "sha512-RJlIHRueQgwWitWgF8OdFYGZX328Ax5BCemNGlqHfplnRT9ESi8JkFlvaVYbS+UubVY6dpv87Fs2u5M29iNFVQ==",
      "dependencies": [
        "@babel/helper-validator-identifier",
        "js-tokens",
        "picocolors"
      ]
    },
    "@babel/helper-validator-identifier@7.25.9": {
      "integrity": "sha512-Ed61U6XJc3CVRfkERJWDz4dJwKe7iLmmJsbOGu9wSloNSFttHV0I8g6UAgb7qnK5ly5bGLPd4oXZlxCdANBOWQ=="
    },
    "@colors/colors@1.6.0": {
      "integrity": "sha512-Ir+AOibqzrIsL6ajt3Rz3LskB7OiMVHqltZmspbW/TJuTVuyOMirVqAkjfY6JISiLHgyNqicAC8AyHHGzNd/dA=="
    },
    "@dabh/diagnostics@2.0.3": {
      "integrity": "sha512-hrlQOIi7hAfzsMqlGSFyVucrx38O+j6wiGOf//H2ecvIEqYN4ADBSS2iLMh5UFyDunCNniUIPk/q3riFv45xRA==",
      "dependencies": [
        "colorspace",
        "enabled",
        "kuler"
      ]
    },
    "@google/generative-ai@0.21.0": {
      "integrity": "sha512-7XhUbtnlkSEZK15kN3t+tzIMxsbKm/dSkKBFalj+20NvPKe1kBY7mR2P7vuijEn+f06z5+A8bVGKO0v39cr6Wg=="
    },
    "@jest/expect-utils@29.7.0": {
      "integrity": "sha512-GlsNBWiFQFCVi9QVSx7f5AgMeLxe9YCCs5PuP2O2LdjDAA8Jh9eX7lA1Jq/xdXw3Wb3hyvlFNfZIfcRetSzYcA==",
      "dependencies": [
        "jest-get-type"
      ]
    },
    "@jest/schemas@29.6.3": {
      "integrity": "sha512-mo5j5X+jIZmJQveBKeS/clAueipV7KgiX1vMgCxam1RNYiqE1w62n0/tJJnHtjW8ZHcQco5gY85jA3mi0L+nSA==",
      "dependencies": [
        "@sinclair/typebox"
      ]
    },
    "@jest/types@29.6.3": {
      "integrity": "sha512-u3UPsIilWKOM3F9CXtrG8LEJmNxwoCQC/XVj4IKYXvvpx7QIi/Kg1LI5uDmDpKlac62NUtX7eLjRh+jVZcLOzw==",
      "dependencies": [
        "@jest/schemas",
        "@types/istanbul-lib-coverage",
        "@types/istanbul-reports",
        "@types/node",
        "@types/yargs",
        "chalk"
      ]
    },
    "@sinclair/typebox@0.27.8": {
      "integrity": "sha512-+Fj43pSMwJs4KRrH/938Uf+uAELIgVBmQzg/q1YG10djyfA3TnrU8N8XzqCh/okZdszqBQTZf96idMfE5lnwTA=="
    },
    "@types/chance@1.1.6": {
      "integrity": "sha512-V+pm3stv1Mvz8fSKJJod6CglNGVqEQ6OyuqitoDkWywEODM/eJd1eSuIp9xt6DrX8BWZ2eDSIzbw1tPCUTvGbQ=="
    },
    "@types/istanbul-lib-coverage@2.0.6": {
      "integrity": "sha512-2QF/t/auWm0lsy8XtKVPG19v3sSOQlJe/YHZgfjb/KBBHOGSV+J2q/S671rcq9uTBrLAXmZpqJiaQbMT+zNU1w=="
    },
    "@types/istanbul-lib-report@3.0.3": {
      "integrity": "sha512-NQn7AHQnk/RSLOxrBbGyJM/aVQ+pjj5HCgasFxc0K/KhoATfQ/47AyUl15I2yBUpihjmas+a+VJBOqecrFH+uA==",
      "dependencies": [
        "@types/istanbul-lib-coverage"
      ]
    },
    "@types/istanbul-reports@3.0.4": {
      "integrity": "sha512-pk2B1NWalF9toCRu6gjBzR69syFjP4Od8WRAX+0mmf9lAjCRicLOWc+ZrxZHx/0XRjotgkF9t6iaMJ+aXcOdZQ==",
      "dependencies": [
        "@types/istanbul-lib-report"
      ]
    },
    "@types/node@22.5.4": {
      "integrity": "sha512-FDuKUJQm/ju9fT/SeX/6+gBzoPzlVCzfzmGkwKvRHQVxi4BntVbyIwf6a4Xn62mrvndLiml6z/UBXIdEVjQLXg==",
      "dependencies": [
        "undici-types"
      ]
    },
    "@types/stack-utils@2.0.3": {
      "integrity": "sha512-9aEbYZ3TbYMznPdcdr3SmIrLXwC/AKZXQeCf9Pgao5CKb8CyHuEX5jzWPTkvregvhRJHcpRO6BFoGW9ycaOkYw=="
    },
    "@types/triple-beam@1.3.5": {
      "integrity": "sha512-6WaYesThRMCl19iryMYP7/x2OVgCtbIVflDGFpWnb9irXI3UjYE4AzmYuiUKY1AJstGijoY+MgUszMgRxIYTYw=="
    },
    "@types/yargs-parser@21.0.3": {
      "integrity": "sha512-I4q9QU9MQv4oEOz4tAHJtNz1cwuLxn2F3xcc2iV5WdqLPpUnj30aUuxt1mAxYTG+oe8CZMV/+6rU4S4gRDzqtQ=="
    },
    "@types/yargs@17.0.33": {
      "integrity": "sha512-WpxBCKWPLr4xSsHgz511rFJAM+wS28w2zEO1QDNY5zM/S8ok70NNfztH0xwhqKyaK0OHCbN98LDAZuy1ctxDkA==",
      "dependencies": [
        "@types/yargs-parser"
      ]
    },
    "ansi-styles@4.3.0": {
      "integrity": "sha512-zbB9rCJAT1rbjiVDb2hqKFHNYLxgtk8NURxZ3IZwD3F6NtxbXZQCnnSi1Lkx+IDohdPlFp222wVALIheZJQSEg==",
      "dependencies": [
        "color-convert@2.0.1"
      ]
    },
    "ansi-styles@5.2.0": {
      "integrity": "sha512-Cxwpt2SfTzTtXcfOlzGEee8O+c+MmUgGrNiBcXnuWxuFJHe6a5Hz7qwhwe5OgaSYI0IJvkLqWX1ASG+cJOkEiA=="
    },
    "async@3.2.6": {
      "integrity": "sha512-htCUDlxyyCLMgaM3xXg0C0LW2xqfuQ6p05pCEIsXuyQ+a1koYKTuBMzRNwmybfLgvJDMd0r1LTn4+E0Ti6C2AA=="
    },
    "braces@3.0.3": {
      "integrity": "sha512-yQbXgO/OSZVD2IsiLlro+7Hf6Q18EJrKSEsdoMzKePKXct3gvD8oLcOQdIzGupr5Fj+EDe8gO/lxc1BzfMpxvA==",
      "dependencies": [
        "fill-range"
      ]
    },
    "chalk@4.1.2": {
      "integrity": "sha512-oKnbhFyRIXpUuez8iBMmyEa4nbj4IOQyuhc/wy9kY7/WVPcwIO9VA668Pu8RkO7+0G76SLROeyw9CpQ061i4mA==",
      "dependencies": [
        "ansi-styles@4.3.0",
        "supports-color"
      ]
    },
    "chance@1.1.12": {
      "integrity": "sha512-vVBIGQVnwtUG+SYe0ge+3MvF78cvSpuCOEUJr7sVEk2vSBuMW6OXNJjSzdtzrlxNUEaoqH2GBd5Y/+18BEB01Q=="
    },
    "ci-info@3.9.0": {
      "integrity": "sha512-NIxF55hv4nSqQswkAeiOi1r83xy8JldOFDTWiug55KBu9Jnblncd2U6ViHmYgHf01TPZS77NJBhBMKdWj9HQMQ=="
    },
    "color-convert@1.9.3": {
      "integrity": "sha512-QfAUtd+vFdAtFQcC8CCyYt1fYWxSqAiK2cSD6zDB8N3cpsEBAvRxp9zOGg6G/SHHJYAT88/az/IuDGALsNVbGg==",
      "dependencies": [
        "color-name@1.1.3"
      ]
    },
    "color-convert@2.0.1": {
      "integrity": "sha512-RRECPsj7iu/xb5oKYcsFHSppFNnsj/52OVTRKb4zP5onXwVF3zVmmToNcOfGC+CRDpfK/U584fMg38ZHCaElKQ==",
      "dependencies": [
        "color-name@1.1.4"
      ]
    },
    "color-name@1.1.3": {
      "integrity": "sha512-72fSenhMw2HZMTVHeCA9KCmpEIbzWiQsjN+BHcBbS9vr1mtt+vJjPdksIBNUmKAW8TFUDPJK5SUU3QhE9NEXDw=="
    },
    "color-name@1.1.4": {
      "integrity": "sha512-dOy+3AuW3a2wNbZHIuMZpTcgjGuLU/uBL/ubcZF9OXbDo8ff4O8yVp5Bf0efS8uEoYo5q4Fx7dY9OgQGXgAsQA=="
    },
    "color-string@1.9.1": {
      "integrity": "sha512-shrVawQFojnZv6xM40anx4CkoDP+fZsw/ZerEMsW/pyzsRbElpsL/DBVW7q3ExxwusdNXI3lXpuhEZkzs8p5Eg==",
      "dependencies": [
        "color-name@1.1.3",
        "simple-swizzle"
      ]
    },
    "color@3.2.1": {
      "integrity": "sha512-aBl7dZI9ENN6fUGC7mWpMTPNHmWUSNan9tuWN6ahh5ZLNk9baLJOnSMlrQkHcrfFgz2/RigjUVAjdx36VcemKA==",
      "dependencies": [
        "color-convert@1.9.3",
        "color-string"
      ]
    },
    "colorspace@1.1.4": {
      "integrity": "sha512-BgvKJiuVu1igBUF2kEjRCZXol6wiiGbY5ipL/oVPwm0BL9sIpMIzM8IK7vwuxIIzOXMV3Ey5w+vxhm0rR/TN8w==",
      "dependencies": [
        "color",
        "text-hex"
      ]
    },
    "commander@13.1.0": {
      "integrity": "sha512-/rFeCpNJQbhSZjGVwO9RFV3xPqbnERS8MmIQzCtD/zl6gpJuV/bMLuN92oG3F7d8oDEHHRrujSXNUr8fpjntKw=="
    },
    "diff-sequences@29.6.3": {
      "integrity": "sha512-EjePK1srD3P08o2j4f0ExnylqRs5B9tJjcp9t1krH2qRi8CCdsYfwe9JgSLurFBWwq4uOlipzfk5fHNvwFKr8Q=="
    },
    "enabled@2.0.0": {
      "integrity": "sha512-AKrN98kuwOzMIdAizXGI86UFBoo26CL21UM763y1h/GMSJ4/OHU9k2YlsmBpyScFo/wbLzWQJBMCW4+IO3/+OQ=="
    },
    "escape-string-regexp@2.0.0": {
      "integrity": "sha512-UpzcLCXolUWcNu5HtVMHYdXJjArjsF9C0aNnquZYY4uW/Vu0miy5YoWvbV345HauVvcAUnpRuhMMcqTcGOY2+w=="
    },
    "expect@29.7.0": {
      "integrity": "sha512-2Zks0hf1VLFYI1kbh0I5jP3KHHyCHpkfyHBzsSXRFgl/Bg9mWYfMW8oD+PdMPlEwy5HNsR9JutYy6pMeOh61nw==",
      "dependencies": [
        "@jest/expect-utils",
        "jest-get-type",
        "jest-matcher-utils",
        "jest-message-util",
        "jest-util"
      ]
    },
    "fecha@4.2.3": {
      "integrity": "sha512-OP2IUU6HeYKJi3i0z4A19kHMQoLVs4Hc+DPqqxI2h/DPZHTm/vjsfC6P0b4jCMy14XizLBqvndQ+UilD7707Jw=="
    },
    "fill-range@7.1.1": {
      "integrity": "sha512-YsGpe3WHLK8ZYi4tWDg2Jy3ebRz2rXowDxnld4bkQB00cc/1Zw9AWnC0i9ztDJitivtQvaI9KaLyKrc+hBW0yg==",
      "dependencies": [
        "to-regex-range"
      ]
    },
    "fn.name@1.1.0": {
      "integrity": "sha512-GRnmB5gPyJpAhTQdSZTSp9uaPSvl09KoYcMQtsB9rQoOmzs9dH6ffeccH+Z+cv6P68Hu5bC6JjRh4Ah/mHSNRw=="
    },
    "graceful-fs@4.2.11": {
      "integrity": "sha512-RbJ5/jmFcNNCcDV5o9eTnBLJ/HszWV0P73bc+Ff4nS/rJj+YaS6IGyiOL0VoBYX+l1Wrl3k63h/KrH+nhJ0XvQ=="
    },
    "has-flag@4.0.0": {
      "integrity": "sha512-EykJT/Q1KjTWctppgIAgfSO0tKVuZUjhgMr17kqTumMl6Afv3EISleU7qZUzoXDFTAHTDC4NOoG/ZxU3EvlMPQ=="
    },
    "inherits@2.0.4": {
      "integrity": "sha512-k/vGaX4/Yla3WzyMCvTQOXYeIHvqOKtnqBduzTHpzpQZzAskKMhZ2K+EnBiSM9zGSoIFeMpXKxa4dYeZIQqewQ=="
    },
    "is-arrayish@0.3.2": {
      "integrity": "sha512-eVRqCvVlZbuw3GrM63ovNSNAeA1K16kaR/LRY/92w0zxQ5/1YzwblUX652i4Xs9RwAGjW9d9y6X88t8OaAJfWQ=="
    },
    "is-number@7.0.0": {
      "integrity": "sha512-41Cifkg6e8TylSpdtTpeLVMqvSBEVzTttHvERD741+pnZ8ANv0004MRL43QKPDlK9cGvNp6NZWZUBlbGXYxxng=="
    },
    "is-stream@2.0.1": {
      "integrity": "sha512-hFoiJiTl63nn+kstHGBtewWSKnQLpyb155KHheA1l39uvtO9nWIop1p3udqPcUd/xbF1VLMO4n7OI6p7RbngDg=="
    },
    "jest-diff@29.7.0": {
      "integrity": "sha512-LMIgiIrhigmPrs03JHpxUh2yISK3vLFPkAodPeo0+BuF7wA2FoQbkEg1u8gBYBThncu7e1oEDUfIXVuTqLRUjw==",
      "dependencies": [
        "chalk",
        "diff-sequences",
        "jest-get-type",
        "pretty-format"
      ]
    },
    "jest-get-type@29.6.3": {
      "integrity": "sha512-zrteXnqYxfQh7l5FHyL38jL39di8H8rHoecLH3JNxH3BwOrBsNeabdap5e0I23lD4HHI8W5VFBZqG4Eaq5LNcw=="
    },
    "jest-matcher-utils@29.7.0": {
      "integrity": "sha512-sBkD+Xi9DtcChsI3L3u0+N0opgPYnCRPtGcQYrgXmR+hmt/fYfWAL0xRXYU8eWOdfuLgBe0YCW3AFtnRLagq/g==",
      "dependencies": [
        "chalk",
        "jest-diff",
        "jest-get-type",
        "pretty-format"
      ]
    },
    "jest-message-util@29.7.0": {
      "integrity": "sha512-GBEV4GRADeP+qtB2+6u61stea8mGcOT4mCtrYISZwfu9/ISHFJ/5zOMXYbpBE9RsS5+Gb63DW4FgmnKJ79Kf6w==",
      "dependencies": [
        "@babel/code-frame",
        "@jest/types",
        "@types/stack-utils",
        "chalk",
        "graceful-fs",
        "micromatch",
        "pretty-format",
        "slash",
        "stack-utils"
      ]
    },
    "jest-util@29.7.0": {
      "integrity": "sha512-z6EbKajIpqGKU56y5KBUgy1dt1ihhQJgWzUlZHArA/+X2ad7Cb5iF+AK1EWVL/Bo7Rz9uurpqw6SiBCefUbCGA==",
      "dependencies": [
        "@jest/types",
        "@types/node",
        "chalk",
        "ci-info",
        "graceful-fs",
        "picomatch"
      ]
    },
    "js-tokens@4.0.0": {
      "integrity": "sha512-RdJUflcE3cUzKiMqQgsCu06FPu9UdIJO0beYbPhHN4k6apgJtifcoCtT9bcxOpYBtpD2kCM6Sbzg4CausW/PKQ=="
    },
    "kuler@2.0.0": {
      "integrity": "sha512-Xq9nH7KlWZmXAtodXDDRE7vs6DU1gTU8zYDHDiWLSip45Egwq3plLHzPn27NgvzL2r1LMPC1vdqh98sQxtqj4A=="
    },
    "logform@2.7.0": {
      "integrity": "sha512-TFYA4jnP7PVbmlBIfhlSe+WKxs9dklXMTEGcBCIvLhE/Tn3H6Gk1norupVW7m5Cnd4bLcr08AytbyV/xj7f/kQ==",
      "dependencies": [
        "@colors/colors",
        "@types/triple-beam",
        "fecha",
        "ms",
        "safe-stable-stringify",
        "triple-beam"
      ]
    },
    "micromatch@4.0.8": {
      "integrity": "sha512-PXwfBhYu0hBCPw8Dn0E+WDYb7af3dSLVWKi3HGv84IdF4TyFoC0ysxFd0Goxw7nSv4T/PzEJQxsYsEiFCKo2BA==",
      "dependencies": [
        "braces",
        "picomatch"
      ]
    },
    "ms@2.1.3": {
      "integrity": "sha512-6FlzubTLZG3J2a/NVCAleEhjzq5oxgHyaCU9yYXvcLsvoVaHJq/s5xXI6/XXP6tz7R9xAOtHnSO/tXtF3WRTlA=="
    },
    "one-time@1.0.0": {
      "integrity": "sha512-5DXOiRKwuSEcQ/l0kGCF6Q3jcADFv5tSmRaJck/OqkVFcOzutB134KRSfF0xDrL39MNnqxbHBbUUcjZIhTgb2g==",
      "dependencies": [
        "fn.name"
      ]
    },
    "picocolors@1.1.1": {
      "integrity": "sha512-xceH2snhtb5M9liqDsmEw56le376mTZkEX/jEb/RxNFyegNul7eNslCXP9FDj/Lcu0X8KEyMceP2ntpaHrDEVA=="
    },
    "picomatch@2.3.1": {
      "integrity": "sha512-JU3teHTNjmE2VCGFzuY8EXzCDVwEqB2a8fsIvwaStHhAWJEeVd1o1QD80CU6+ZdEXXSLbSsuLwJjkCBWqRQUVA=="
    },
    "pretty-format@29.7.0": {
      "integrity": "sha512-Pdlw/oPxN+aXdmM9R00JVC9WVFoCLTKJvDVLgmJ+qAffBMxsV85l/Lu7sNx4zSzPyoL2euImuEwHhOXdEgNFZQ==",
      "dependencies": [
        "@jest/schemas",
        "ansi-styles@5.2.0",
        "react-is"
      ]
    },
    "react-is@18.3.1": {
      "integrity": "sha512-/LLMVyas0ljjAtoYiPqYiL8VWXzUUdThrmU5+n20DZv+a+ClRoevUzw5JxU+Ieh5/c87ytoTBV9G1FiKfNJdmg=="
    },
    "readable-stream@3.6.2": {
      "integrity": "sha512-9u/sniCrY3D5WdsERHzHE4G2YCXqoG5FTHUiCC4SIbr6XcLZBY05ya9EKjYek9O5xOAwjGq+1JdGBAS7Q9ScoA==",
      "dependencies": [
        "inherits",
        "string_decoder",
        "util-deprecate"
      ]
    },
    "safe-buffer@5.2.1": {
      "integrity": "sha512-rp3So07KcdmmKbGvgaNxQSJr7bGVSVk5S9Eq1F+ppbRo70+YeaDxkw5Dd8NPN+GD6bjnYm2VuPuCXmpuYvmCXQ=="
    },
    "safe-stable-stringify@2.5.0": {
      "integrity": "sha512-b3rppTKm9T+PsVCBEOUR46GWI7fdOs00VKZ1+9c1EWDaDMvjQc6tUwuFyIprgGgTcWoVHSKrU8H31ZHA2e0RHA=="
    },
    "simple-swizzle@0.2.2": {
      "integrity": "sha512-JA//kQgZtbuY83m+xT+tXJkmJncGMTFT+C+g2h2R9uxkYIrE2yy9sgmcLhCnw57/WSD+Eh3J97FPEDFnbXnDUg==",
      "dependencies": [
        "is-arrayish"
      ]
    },
    "slash@3.0.0": {
      "integrity": "sha512-g9Q1haeby36OSStwb4ntCGGGaKsaVSjQ68fBxoQcutl5fS1vuY18H3wSt3jFyFtrkx+Kz0V1G85A4MyAdDMi2Q=="
    },
    "stack-trace@0.0.10": {
      "integrity": "sha512-KGzahc7puUKkzyMt+IqAep+TVNbKP+k2Lmwhub39m1AsTSkaDutx56aDCo+HLDzf/D26BIHTJWNiTG1KAJiQCg=="
    },
    "stack-utils@2.0.6": {
      "integrity": "sha512-XlkWvfIm6RmsWtNJx+uqtKLS8eqFbxUg0ZzLXqY0caEy9l7hruX8IpiDnjsLavoBgqCCR71TqWO8MaXYheJ3RQ==",
      "dependencies": [
        "escape-string-regexp"
      ]
    },
    "string_decoder@1.3.0": {
      "integrity": "sha512-hkRX8U1WjJFd8LsDJ2yQ/wWWxaopEsABU1XfkM8A+j0+85JAGppt16cr1Whg6KIbb4okU6Mql6BOj+uup/wKeA==",
      "dependencies": [
        "safe-buffer"
      ]
    },
    "supports-color@7.2.0": {
      "integrity": "sha512-qpCAvRl9stuOHveKsn7HncJRvv501qIacKzQlO/+Lwxc9+0q2wLyv4Dfvt80/DPn2pqOBsJdDiogXGR9+OvwRw==",
      "dependencies": [
        "has-flag"
      ]
    },
    "text-hex@1.0.0": {
      "integrity": "sha512-uuVGNWzgJ4yhRaNSiubPY7OjISw4sw4E5Uv0wbjp+OzcbmVU/rsT8ujgcXJhn9ypzsgr5vlzpPqP+MBBKcGvbg=="
    },
    "to-regex-range@5.0.1": {
      "integrity": "sha512-65P7iz6X5yEr1cwcgvQxbbIw7Uk3gOy5dIdtZ4rDveLqhrdJP+Li/Hx6tyK0NEb+2GCyneCMJiGqrADCSNk8sQ==",
      "dependencies": [
        "is-number"
      ]
    },
    "triple-beam@1.4.1": {
      "integrity": "sha512-aZbgViZrg1QNcG+LULa7nhZpJTZSLm/mXnHXnbAbjmN5aSa0y7V+wvv6+4WaBtpISJzThKy+PIPxc1Nq1EJ9mg=="
    },
    "undici-types@6.19.8": {
      "integrity": "sha512-ve2KP6f/JnbPBFyobGHuerC9g1FYGn/F8n1LWTwNxCEzd6IfqTwUQcNXgEtmmQ6DlRrC1hrSrBnCZPokRrDHjw=="
    },
    "util-deprecate@1.0.2": {
      "integrity": "sha512-EPD5q1uXyFxJpCrLnCc1nHnq3gOa6DZBocAIiI2TaSCA7VCJ1UJDMagCzIkXNsUYfD1daK//LTEQ8xiIbrHtcw=="
    },
    "winston-transport@4.9.0": {
      "integrity": "sha512-8drMJ4rkgaPo1Me4zD/3WLfI/zPdA9o2IipKODunnGDcuqbHwjsbB79ylv04LCGGzU0xQ6vTznOMpQGaLhhm6A==",
      "dependencies": [
        "logform",
        "readable-stream",
        "triple-beam"
      ]
    },
    "winston@3.17.0": {
      "integrity": "sha512-DLiFIXYC5fMPxaRg832S6F5mJYvePtmO5G9v9IgUFPhXm9/GkXarH/TUrBAVzhTCzAj9anE/+GjrgXp/54nOgw==",
      "dependencies": [
        "@colors/colors",
        "@dabh/diagnostics",
        "async",
        "is-stream",
        "logform",
        "one-time",
        "readable-stream",
        "safe-stable-stringify",
        "stack-trace",
        "triple-beam",
        "winston-transport"
      ]
    }
  },
  "redirects": {
    "https://deno.land/std/flags/mod.ts": "https://deno.land/std@0.224.0/flags/mod.ts"
  },
  "remote": {
    "https://deno.land/std@0.170.0/_util/asserts.ts": "d0844e9b62510f89ce1f9878b046f6a57bf88f208a10304aab50efcb48365272",
    "https://deno.land/std@0.170.0/bytes/bytes_list.ts": "aba5e2369e77d426b10af1de0dcc4531acecec27f9b9056f4f7bfbf8ac147ab4",
    "https://deno.land/std@0.170.0/bytes/concat.ts": "97a1274e117510ffffc9499c4debb9541e408732bab2e0ca624869ae13103c10",
    "https://deno.land/std@0.170.0/bytes/copy.ts": "d14a58f188a997ee0d2ba696d0c82a42f4fb4b6705e90a4238b77d7644dae24c",
    "https://deno.land/std@0.170.0/io/buf_reader.ts": "6c0eb067040a9931be2d24de50f56e67b10e3ff69d5344575df06caddf551417",
    "https://deno.land/std@0.170.0/io/buf_writer.ts": "b1ee5325cec3386596c67b1c7510bfc7e42b2f505060fe2e9d6536cdefdbb30c",
    "https://deno.land/std@0.170.0/io/buffer.ts": "04e4d9a7bffffeddd75df7da795001871857d83f8e7772e6a3eee9d174f33d38",
    "https://deno.land/std@0.170.0/io/copy_n.ts": "1792d3ee1ff25243bd072259ba707afbfbff4a5475b733a93ac91c0d62bff669",
    "https://deno.land/std@0.170.0/io/limited_reader.ts": "a789b1ce2b22833f2d249325ac3e4416e381c8fedf49970c24764184f3e8fe48",
    "https://deno.land/std@0.170.0/io/mod.ts": "f40c60cd7470cac54560ae24c5d085884d80e7d1c7b67113ec63ab3c1efb05b1",
    "https://deno.land/std@0.170.0/io/multi_reader.ts": "9d85515c0f707c0aad41e3d9e1cde88afb5ee4795a278961a8cad1d08d7943ef",
    "https://deno.land/std@0.170.0/io/read_delim.ts": "6bff17d31730eeab402633ee53701ac16e7b575a343c432acf7bd61bd649fd05",
    "https://deno.land/std@0.170.0/io/read_int.ts": "450166b029ffd72e976c7c44cd54959709f25ac54e965b0d65b2c1cbbdaf788b",
    "https://deno.land/std@0.170.0/io/read_lines.ts": "51e2841394effe1473f588de2a87d62b1c2deb63ce869115506324e228f9e67b",
    "https://deno.land/std@0.170.0/io/read_long.ts": "df004f58988b0ed502d895aabc34a78a5d95f45ff1561e6442b42a807918d3ca",
    "https://deno.land/std@0.170.0/io/read_range.ts": "97cd0f31044c8aff147b4c1b1087442b6c6295b662b870ff8704915369d6637b",
    "https://deno.land/std@0.170.0/io/read_short.ts": "3e95f068465db1a90dcb2878a7ada31158970685dce70e5e5cc78642054435b9",
    "https://deno.land/std@0.170.0/io/read_string_delim.ts": "70b20eebd853269252d4a833834a2677b711f216842709d11005ba291d822a0a",
    "https://deno.land/std@0.170.0/io/slice_long_to_bytes.ts": "9b8408430b2b9bb79e70c6eb3e4e8248a13b5562af4a95ae4f8f96dffa64c37e",
    "https://deno.land/std@0.170.0/io/string_reader.ts": "76938008e274697941ac7b2e02b9b399db6adda9538a7414a973ba5d4463a027",
    "https://deno.land/std@0.170.0/io/string_writer.ts": "e2f9277e96cc197209a2c12a29c1ed58e6162ab3e4d72f6cfad7b96f30f26685",
    "https://deno.land/std@0.224.0/assert/assert_exists.ts": "43420cf7f956748ae6ed1230646567b3593cb7a36c5a5327269279c870c5ddfd",
    "https://deno.land/std@0.224.0/assert/assertion_error.ts": "ba8752bd27ebc51f723702fac2f54d3e94447598f54264a6653d6413738a8917",
    "https://deno.land/std@0.224.0/flags/mod.ts": "88553267f34519c8982212185339efdb2d2e62c159ec558f47eb50c8952a6be3"
  },
  "workspace": {
    "dependencies": [
      "jsr:@std/assert@1",
      "jsr:@std/expect@^1.0.12",
      "npm:@google/generative-ai@0.21",
      "npm:chance@^1.1.12",
      "npm:commander@^13.1.0",
      "npm:winston@^3.17.0"
    ],
    "packageJson": {
      "dependencies": [
        "npm:@google/generative-ai@0.21",
        "npm:commander@^13.1.0",
        "npm:expect@^29.7.0",
        "npm:winston@^3.17.0"
      ]
    }
  }
}
